
Microsoft Visual Studio Solution File, Format Version 12.00
# Visual Studio Version 16
Project("{2150E333-8FDC-42A3-9474-1A3956D46DE8}") = "CMakePredefinedTargets", "CMakePredefinedTargets", "{CC733A54-E8A3-3614-A9CB-94521F66195A}"
EndProject
Project("{2150E333-8FDC-42A3-9474-1A3956D46DE8}") = "GLFW3", "GLFW3", "{372A8648-8203-303E-BFBA-353AECCB885C}"
EndProject
Project("{2150E333-8FDC-42A3-9474-1A3956D46DE8}") = "Examples", "GLFW3\Examples", "{7294B341-353A-319F-94C1-3B2D75A5E4CC}"
EndProject
Project("{2150E333-8FDC-42A3-9474-1A3956D46DE8}") = "Tests", "GLFW3\Tests", "{022F0CFE-5DCF-3785-B613-49DD1505F9D1}"
EndProject
Project("{8BC9CEB8-8B4A-11D0-8D11-00A0C91BC942}") = "ALL_BUILD", "ALL_BUILD.vcxproj", "{B95DB929-BBC0-3C06-B4E5-65215FBCB480}"
	ProjectSection(ProjectDependencies) = postProject
		{DDCB0E1C-7C0F-32B4-AFA8-8210EA3DB44F} = {DDCB0E1C-7C0F-32B4-AFA8-8210EA3DB44F}
		{F808A64F-D013-370A-BCC0-50684123CE03} = {F808A64F-D013-370A-BCC0-50684123CE03}
		{A5AC7142-FE39-343E-8028-F090F7801D53} = {A5AC7142-FE39-343E-8028-F090F7801D53}
		{1D255136-85B8-376E-9419-0D866B670BB4} = {1D255136-85B8-376E-9419-0D866B670BB4}
		{1E79CD68-8BF7-35D2-846A-977F6FA901B0} = {1E79CD68-8BF7-35D2-846A-977F6FA901B0}
		{1D8E8B52-11B3-339A-B867-2A561F20DF45} = {1D8E8B52-11B3-339A-B867-2A561F20DF45}
		{3C8B988C-4C3F-3A44-A9ED-417A11568D29} = {3C8B988C-4C3F-3A44-A9ED-417A11568D29}
		{A99767A7-8E2E-39E7-A28B-B5C5746E497E} = {A99767A7-8E2E-39E7-A28B-B5C5746E497E}
		{8B25F2E9-C1DE-3819-97FE-913E7074FA85} = {8B25F2E9-C1DE-3819-97FE-913E7074FA85}
		{E40EA7F1-7E08-3F83-9948-6BC952CFC6E6} = {E40EA7F1-7E08-3F83-9948-6BC952CFC6E6}
		{E4AA9279-A87B-36A0-99BB-46FB78D07788} = {E4AA9279-A87B-36A0-99BB-46FB78D07788}
		{94B4A573-DC33-342A-AAEF-AB5757F56994} = {94B4A573-DC33-342A-AAEF-AB5757F56994}
		{3B525B65-77D3-34F0-B880-2A501F21F6AC} = {3B525B65-77D3-34F0-B880-2A501F21F6AC}
		{4554F108-3A5E-3571-9B70-A75E80AC5017} = {4554F108-3A5E-3571-9B70-A75E80AC5017}
		{73B50B93-5876-348E-BEA1-9CAFBE387313} = {73B50B93-5876-348E-BEA1-9CAFBE387313}
		{2A9B6F38-5E2D-3D81-96C3-2A5E7C50CA64} = {2A9B6F38-5E2D-3D81-96C3-2A5E7C50CA64}
		{3712DD20-AC09-3B5D-8E60-4CF9B62FD520} = {3712DD20-AC09-3B5D-8E60-4CF9B62FD520}
		{8923F2D5-E70C-3761-A8E2-F822C833D411} = {8923F2D5-E70C-3761-A8E2-F822C833D411}
		{D126B94B-AF9E-3E5C-8FA5-1EE9C2853389} = {D126B94B-AF9E-3E5C-8FA5-1EE9C2853389}
		{B1D1B228-419A-33E3-BCF2-C41188FF3BBE} = {B1D1B228-419A-33E3-BCF2-C41188FF3BBE}
		{6324140F-5AAF-35FF-8E82-A87867115213} = {6324140F-5AAF-35FF-8E82-A87867115213}
		{33C1096D-8FE2-34E7-8206-47FC41A62E92} = {33C1096D-8FE2-34E7-8206-47FC41A62E92}
		{14560DF4-5A29-3A4E-A424-CFEFE9EB520E} = {14560DF4-5A29-3A4E-A424-CFEFE9EB520E}
		{85B2600F-0D27-3C87-85C8-C6808C61B508} = {85B2600F-0D27-3C87-85C8-C6808C61B508}
		{737322B2-4802-3132-A75A-366C796CA704} = {737322B2-4802-3132-A75A-366C796CA704}
		{A036369C-F986-306D-ABE1-6187B766B810} = {A036369C-F986-306D-ABE1-6187B766B810}
		{5D792C17-7776-3598-A7DB-0D2CCB3E1502} = {5D792C17-7776-3598-A7DB-0D2CCB3E1502}
		{9D1502C2-A05F-3FB3-AF30-FC9B098C31F7} = {9D1502C2-A05F-3FB3-AF30-FC9B098C31F7}
		{B35238E4-832E-34E1-AD3E-3D2DE072762E} = {B35238E4-832E-34E1-AD3E-3D2DE072762E}
		{B6D12772-5E19-316B-837C-A1A500C9EEED} = {B6D12772-5E19-316B-837C-A1A500C9EEED}
		{31468368-92A0-35F4-BE73-6EB462941AB5} = {31468368-92A0-35F4-BE73-6EB462941AB5}
	EndProjectSection
EndProject
Project("{8BC9CEB8-8B4A-11D0-8D11-00A0C91BC942}") = "INSTALL", "INSTALL.vcxproj", "{0F188E74-EE68-35D8-8490-EF3202BC0E75}"
	ProjectSection(ProjectDependencies) = postProject
		{B95DB929-BBC0-3C06-B4E5-65215FBCB480} = {B95DB929-BBC0-3C06-B4E5-65215FBCB480}
		{DDCB0E1C-7C0F-32B4-AFA8-8210EA3DB44F} = {DDCB0E1C-7C0F-32B4-AFA8-8210EA3DB44F}
	EndProjectSection
EndProject
Project("{8BC9CEB8-8B4A-11D0-8D11-00A0C91BC942}") = "ZERO_CHECK", "..\..\..\\ZERO_CHECK.vcxproj", "{DDCB0E1C-7C0F-32B4-AFA8-8210EA3DB44F}"
	ProjectSection(ProjectDependencies) = postProject
	EndProjectSection
EndProject
Project("{8BC9CEB8-8B4A-11D0-8D11-00A0C91BC942}") = "boing", "examples\boing.vcxproj", "{F808A64F-D013-370A-BCC0-50684123CE03}"
	ProjectSection(ProjectDependencies) = postProject
		{DDCB0E1C-7C0F-32B4-AFA8-8210EA3DB44F} = {DDCB0E1C-7C0F-32B4-AFA8-8210EA3DB44F}
		{8B25F2E9-C1DE-3819-97FE-913E7074FA85} = {8B25F2E9-C1DE-3819-97FE-913E7074FA85}
	EndProjectSection
EndProject
Project("{8BC9CEB8-8B4A-11D0-8D11-00A0C91BC942}") = "clipboard", "tests\clipboard.vcxproj", "{A5AC7142-FE39-343E-8028-F090F7801D53}"
	ProjectSection(ProjectDependencies) = postProject
		{DDCB0E1C-7C0F-32B4-AFA8-8210EA3DB44F} = {DDCB0E1C-7C0F-32B4-AFA8-8210EA3DB44F}
		{8B25F2E9-C1DE-3819-97FE-913E7074FA85} = {8B25F2E9-C1DE-3819-97FE-913E7074FA85}
	EndProjectSection
EndProject
Project("{8BC9CEB8-8B4A-11D0-8D11-00A0C91BC942}") = "cursor", "tests\cursor.vcxproj", "{1D255136-85B8-376E-9419-0D866B670BB4}"
	ProjectSection(ProjectDependencies) = postProject
		{DDCB0E1C-7C0F-32B4-AFA8-8210EA3DB44F} = {DDCB0E1C-7C0F-32B4-AFA8-8210EA3DB44F}
		{8B25F2E9-C1DE-3819-97FE-913E7074FA85} = {8B25F2E9-C1DE-3819-97FE-913E7074FA85}
	EndProjectSection
EndProject
Project("{8BC9CEB8-8B4A-11D0-8D11-00A0C91BC942}") = "empty", "tests\empty.vcxproj", "{1E79CD68-8BF7-35D2-846A-977F6FA901B0}"
	ProjectSection(ProjectDependencies) = postProject
		{DDCB0E1C-7C0F-32B4-AFA8-8210EA3DB44F} = {DDCB0E1C-7C0F-32B4-AFA8-8210EA3DB44F}
		{8B25F2E9-C1DE-3819-97FE-913E7074FA85} = {8B25F2E9-C1DE-3819-97FE-913E7074FA85}
	EndProjectSection
EndProject
Project("{8BC9CEB8-8B4A-11D0-8D11-00A0C91BC942}") = "events", "tests\events.vcxproj", "{1D8E8B52-11B3-339A-B867-2A561F20DF45}"
	ProjectSection(ProjectDependencies) = postProject
		{DDCB0E1C-7C0F-32B4-AFA8-8210EA3DB44F} = {DDCB0E1C-7C0F-32B4-AFA8-8210EA3DB44F}
		{8B25F2E9-C1DE-3819-97FE-913E7074FA85} = {8B25F2E9-C1DE-3819-97FE-913E7074FA85}
	EndProjectSection
EndProject
Project("{8BC9CEB8-8B4A-11D0-8D11-00A0C91BC942}") = "gamma", "tests\gamma.vcxproj", "{3C8B988C-4C3F-3A44-A9ED-417A11568D29}"
	ProjectSection(ProjectDependencies) = postProject
		{DDCB0E1C-7C0F-32B4-AFA8-8210EA3DB44F} = {DDCB0E1C-7C0F-32B4-AFA8-8210EA3DB44F}
		{8B25F2E9-C1DE-3819-97FE-913E7074FA85} = {8B25F2E9-C1DE-3819-97FE-913E7074FA85}
	EndProjectSection
EndProject
Project("{8BC9CEB8-8B4A-11D0-8D11-00A0C91BC942}") = "gears", "examples\gears.vcxproj", "{A99767A7-8E2E-39E7-A28B-B5C5746E497E}"
	ProjectSection(ProjectDependencies) = postProject
		{DDCB0E1C-7C0F-32B4-AFA8-8210EA3DB44F} = {DDCB0E1C-7C0F-32B4-AFA8-8210EA3DB44F}
		{8B25F2E9-C1DE-3819-97FE-913E7074FA85} = {8B25F2E9-C1DE-3819-97FE-913E7074FA85}
	EndProjectSection
EndProject
Project("{8BC9CEB8-8B4A-11D0-8D11-00A0C91BC942}") = "glfw", "src\glfw.vcxproj", "{8B25F2E9-C1DE-3819-97FE-913E7074FA85}"
	ProjectSection(ProjectDependencies) = postProject
		{DDCB0E1C-7C0F-32B4-AFA8-8210EA3DB44F} = {DDCB0E1C-7C0F-32B4-AFA8-8210EA3DB44F}
	EndProjectSection
EndProject
Project("{8BC9CEB8-8B4A-11D0-8D11-00A0C91BC942}") = "glfwinfo", "tests\glfwinfo.vcxproj", "{E40EA7F1-7E08-3F83-9948-6BC952CFC6E6}"
	ProjectSection(ProjectDependencies) = postProject
		{DDCB0E1C-7C0F-32B4-AFA8-8210EA3DB44F} = {DDCB0E1C-7C0F-32B4-AFA8-8210EA3DB44F}
		{8B25F2E9-C1DE-3819-97FE-913E7074FA85} = {8B25F2E9-C1DE-3819-97FE-913E7074FA85}
	EndProjectSection
EndProject
Project("{8BC9CEB8-8B4A-11D0-8D11-00A0C91BC942}") = "heightmap", "examples\heightmap.vcxproj", "{E4AA9279-A87B-36A0-99BB-46FB78D07788}"
	ProjectSection(ProjectDependencies) = postProject
		{DDCB0E1C-7C0F-32B4-AFA8-8210EA3DB44F} = {DDCB0E1C-7C0F-32B4-AFA8-8210EA3DB44F}
		{8B25F2E9-C1DE-3819-97FE-913E7074FA85} = {8B25F2E9-C1DE-3819-97FE-913E7074FA85}
	EndProjectSection
EndProject
Project("{8BC9CEB8-8B4A-11D0-8D11-00A0C91BC942}") = "icon", "tests\icon.vcxproj", "{94B4A573-DC33-342A-AAEF-AB5757F56994}"
	ProjectSection(ProjectDependencies) = postProject
		{DDCB0E1C-7C0F-32B4-AFA8-8210EA3DB44F} = {DDCB0E1C-7C0F-32B4-AFA8-8210EA3DB44F}
		{8B25F2E9-C1DE-3819-97FE-913E7074FA85} = {8B25F2E9-C1DE-3819-97FE-913E7074FA85}
	EndProjectSection
EndProject
Project("{8BC9CEB8-8B4A-11D0-8D11-00A0C91BC942}") = "iconify", "tests\iconify.vcxproj", "{3B525B65-77D3-34F0-B880-2A501F21F6AC}"
	ProjectSection(ProjectDependencies) = postProject
		{DDCB0E1C-7C0F-32B4-AFA8-8210EA3DB44F} = {DDCB0E1C-7C0F-32B4-AFA8-8210EA3DB44F}
		{8B25F2E9-C1DE-3819-97FE-913E7074FA85} = {8B25F2E9-C1DE-3819-97FE-913E7074FA85}
	EndProjectSection
EndProject
Project("{8BC9CEB8-8B4A-11D0-8D11-00A0C91BC942}") = "inputlag", "tests\inputlag.vcxproj", "{4554F108-3A5E-3571-9B70-A75E80AC5017}"
	ProjectSection(ProjectDependencies) = postProject
		{DDCB0E1C-7C0F-32B4-AFA8-8210EA3DB44F} = {DDCB0E1C-7C0F-32B4-AFA8-8210EA3DB44F}
		{8B25F2E9-C1DE-3819-97FE-913E7074FA85} = {8B25F2E9-C1DE-3819-97FE-913E7074FA85}
	EndProjectSection
EndProject
Project("{8BC9CEB8-8B4A-11D0-8D11-00A0C91BC942}") = "joysticks", "tests\joysticks.vcxproj", "{73B50B93-5876-348E-BEA1-9CAFBE387313}"
	ProjectSection(ProjectDependencies) = postProject
		{DDCB0E1C-7C0F-32B4-AFA8-8210EA3DB44F} = {DDCB0E1C-7C0F-32B4-AFA8-8210EA3DB44F}
		{8B25F2E9-C1DE-3819-97FE-913E7074FA85} = {8B25F2E9-C1DE-3819-97FE-913E7074FA85}
	EndProjectSection
EndProject
Project("{8BC9CEB8-8B4A-11D0-8D11-00A0C91BC942}") = "monitors", "tests\monitors.vcxproj", "{2A9B6F38-5E2D-3D81-96C3-2A5E7C50CA64}"
	ProjectSection(ProjectDependencies) = postProject
		{DDCB0E1C-7C0F-32B4-AFA8-8210EA3DB44F} = {DDCB0E1C-7C0F-32B4-AFA8-8210EA3DB44F}
		{8B25F2E9-C1DE-3819-97FE-913E7074FA85} = {8B25F2E9-C1DE-3819-97FE-913E7074FA85}
	EndProjectSection
EndProject
Project("{8BC9CEB8-8B4A-11D0-8D11-00A0C91BC942}") = "msaa", "tests\msaa.vcxproj", "{3712DD20-AC09-3B5D-8E60-4CF9B62FD520}"
	ProjectSection(ProjectDependencies) = postProject
		{DDCB0E1C-7C0F-32B4-AFA8-8210EA3DB44F} = {DDCB0E1C-7C0F-32B4-AFA8-8210EA3DB44F}
		{8B25F2E9-C1DE-3819-97FE-913E7074FA85} = {8B25F2E9-C1DE-3819-97FE-913E7074FA85}
	EndProjectSection
EndProject
Project("{8BC9CEB8-8B4A-11D0-8D11-00A0C91BC942}") = "offscreen", "examples\offscreen.vcxproj", "{8923F2D5-E70C-3761-A8E2-F822C833D411}"
	ProjectSection(ProjectDependencies) = postProject
		{DDCB0E1C-7C0F-32B4-AFA8-8210EA3DB44F} = {DDCB0E1C-7C0F-32B4-AFA8-8210EA3DB44F}
		{8B25F2E9-C1DE-3819-97FE-913E7074FA85} = {8B25F2E9-C1DE-3819-97FE-913E7074FA85}
	EndProjectSection
EndProject
Project("{8BC9CEB8-8B4A-11D0-8D11-00A0C91BC942}") = "opacity", "tests\opacity.vcxproj", "{D126B94B-AF9E-3E5C-8FA5-1EE9C2853389}"
	ProjectSection(ProjectDependencies) = postProject
		{DDCB0E1C-7C0F-32B4-AFA8-8210EA3DB44F} = {DDCB0E1C-7C0F-32B4-AFA8-8210EA3DB44F}
		{8B25F2E9-C1DE-3819-97FE-913E7074FA85} = {8B25F2E9-C1DE-3819-97FE-913E7074FA85}
	EndProjectSection
EndProject
Project("{8BC9CEB8-8B4A-11D0-8D11-00A0C91BC942}") = "particles", "examples\particles.vcxproj", "{B1D1B228-419A-33E3-BCF2-C41188FF3BBE}"
	ProjectSection(ProjectDependencies) = postProject
		{DDCB0E1C-7C0F-32B4-AFA8-8210EA3DB44F} = {DDCB0E1C-7C0F-32B4-AFA8-8210EA3DB44F}
		{8B25F2E9-C1DE-3819-97FE-913E7074FA85} = {8B25F2E9-C1DE-3819-97FE-913E7074FA85}
	EndProjectSection
EndProject
Project("{8BC9CEB8-8B4A-11D0-8D11-00A0C91BC942}") = "reopen", "tests\reopen.vcxproj", "{6324140F-5AAF-35FF-8E82-A87867115213}"
	ProjectSection(ProjectDependencies) = postProject
		{DDCB0E1C-7C0F-32B4-AFA8-8210EA3DB44F} = {DDCB0E1C-7C0F-32B4-AFA8-8210EA3DB44F}
		{8B25F2E9-C1DE-3819-97FE-913E7074FA85} = {8B25F2E9-C1DE-3819-97FE-913E7074FA85}
	EndProjectSection
EndProject
Project("{8BC9CEB8-8B4A-11D0-8D11-00A0C91BC942}") = "sharing", "examples\sharing.vcxproj", "{33C1096D-8FE2-34E7-8206-47FC41A62E92}"
	ProjectSection(ProjectDependencies) = postProject
		{DDCB0E1C-7C0F-32B4-AFA8-8210EA3DB44F} = {DDCB0E1C-7C0F-32B4-AFA8-8210EA3DB44F}
		{8B25F2E9-C1DE-3819-97FE-913E7074FA85} = {8B25F2E9-C1DE-3819-97FE-913E7074FA85}
	EndProjectSection
EndProject
Project("{8BC9CEB8-8B4A-11D0-8D11-00A0C91BC942}") = "simple", "examples\simple.vcxproj", "{14560DF4-5A29-3A4E-A424-CFEFE9EB520E}"
	ProjectSection(ProjectDependencies) = postProject
		{DDCB0E1C-7C0F-32B4-AFA8-8210EA3DB44F} = {DDCB0E1C-7C0F-32B4-AFA8-8210EA3DB44F}
		{8B25F2E9-C1DE-3819-97FE-913E7074FA85} = {8B25F2E9-C1DE-3819-97FE-913E7074FA85}
	EndProjectSection
EndProject
Project("{8BC9CEB8-8B4A-11D0-8D11-00A0C91BC942}") = "splitview", "examples\splitview.vcxproj", "{85B2600F-0D27-3C87-85C8-C6808C61B508}"
	ProjectSection(ProjectDependencies) = postProject
		{DDCB0E1C-7C0F-32B4-AFA8-8210EA3DB44F} = {DDCB0E1C-7C0F-32B4-AFA8-8210EA3DB44F}
		{8B25F2E9-C1DE-3819-97FE-913E7074FA85} = {8B25F2E9-C1DE-3819-97FE-913E7074FA85}
	EndProjectSection
EndProject
Project("{8BC9CEB8-8B4A-11D0-8D11-00A0C91BC942}") = "tearing", "tests\tearing.vcxproj", "{737322B2-4802-3132-A75A-366C796CA704}"
	ProjectSection(ProjectDependencies) = postProject
		{DDCB0E1C-7C0F-32B4-AFA8-8210EA3DB44F} = {DDCB0E1C-7C0F-32B4-AFA8-8210EA3DB44F}
		{8B25F2E9-C1DE-3819-97FE-913E7074FA85} = {8B25F2E9-C1DE-3819-97FE-913E7074FA85}
	EndProjectSection
EndProject
Project("{8BC9CEB8-8B4A-11D0-8D11-00A0C91BC942}") = "threads", "tests\threads.vcxproj", "{A036369C-F986-306D-ABE1-6187B766B810}"
	ProjectSection(ProjectDependencies) = postProject
		{DDCB0E1C-7C0F-32B4-AFA8-8210EA3DB44F} = {DDCB0E1C-7C0F-32B4-AFA8-8210EA3DB44F}
		{8B25F2E9-C1DE-3819-97FE-913E7074FA85} = {8B25F2E9-C1DE-3819-97FE-913E7074FA85}
	EndProjectSection
EndProject
Project("{8BC9CEB8-8B4A-11D0-8D11-00A0C91BC942}") = "timeout", "tests\timeout.vcxproj", "{5D792C17-7776-3598-A7DB-0D2CCB3E1502}"
	ProjectSection(ProjectDependencies) = postProject
		{DDCB0E1C-7C0F-32B4-AFA8-8210EA3DB44F} = {DDCB0E1C-7C0F-32B4-AFA8-8210EA3DB44F}
		{8B25F2E9-C1DE-3819-97FE-913E7074FA85} = {8B25F2E9-C1DE-3819-97FE-913E7074FA85}
	EndProjectSection
EndProject
Project("{8BC9CEB8-8B4A-11D0-8D11-00A0C91BC942}") = "title", "tests\title.vcxproj", "{9D1502C2-A05F-3FB3-AF30-FC9B098C31F7}"
	ProjectSection(ProjectDependencies) = postProject
		{DDCB0E1C-7C0F-32B4-AFA8-8210EA3DB44F} = {DDCB0E1C-7C0F-32B4-AFA8-8210EA3DB44F}
		{8B25F2E9-C1DE-3819-97FE-913E7074FA85} = {8B25F2E9-C1DE-3819-97FE-913E7074FA85}
	EndProjectSection
EndProject
Project("{8BC9CEB8-8B4A-11D0-8D11-00A0C91BC942}") = "uninstall", "uninstall.vcxproj", "{0C5B0A58-6CD9-3ECD-9884-5F341781B4FA}"
	ProjectSection(ProjectDependencies) = postProject
		{DDCB0E1C-7C0F-32B4-AFA8-8210EA3DB44F} = {DDCB0E1C-7C0F-32B4-AFA8-8210EA3DB44F}
	EndProjectSection
EndProject
Project("{8BC9CEB8-8B4A-11D0-8D11-00A0C91BC942}") = "vulkan", "tests\vulkan.vcxproj", "{B35238E4-832E-34E1-AD3E-3D2DE072762E}"
	ProjectSection(ProjectDependencies) = postProject
		{DDCB0E1C-7C0F-32B4-AFA8-8210EA3DB44F} = {DDCB0E1C-7C0F-32B4-AFA8-8210EA3DB44F}
		{8B25F2E9-C1DE-3819-97FE-913E7074FA85} = {8B25F2E9-C1DE-3819-97FE-913E7074FA85}
	EndProjectSection
EndProject
Project("{8BC9CEB8-8B4A-11D0-8D11-00A0C91BC942}") = "wave", "examples\wave.vcxproj", "{B6D12772-5E19-316B-837C-A1A500C9EEED}"
	ProjectSection(ProjectDependencies) = postProject
		{DDCB0E1C-7C0F-32B4-AFA8-8210EA3DB44F} = {DDCB0E1C-7C0F-32B4-AFA8-8210EA3DB44F}
		{8B25F2E9-C1DE-3819-97FE-913E7074FA85} = {8B25F2E9-C1DE-3819-97FE-913E7074FA85}
	EndProjectSection
EndProject
Project("{8BC9CEB8-8B4A-11D0-8D11-00A0C91BC942}") = "windows", "tests\windows.vcxproj", "{31468368-92A0-35F4-BE73-6EB462941AB5}"
	ProjectSection(ProjectDependencies) = postProject
		{DDCB0E1C-7C0F-32B4-AFA8-8210EA3DB44F} = {DDCB0E1C-7C0F-32B4-AFA8-8210EA3DB44F}
		{8B25F2E9-C1DE-3819-97FE-913E7074FA85} = {8B25F2E9-C1DE-3819-97FE-913E7074FA85}
	EndProjectSection
EndProject
Global
	GlobalSection(SolutionConfigurationPlatforms) = preSolution
		Debug|x64 = Debug|x64
		Release|x64 = Release|x64
		MinSizeRel|x64 = MinSizeRel|x64
		RelWithDebInfo|x64 = RelWithDebInfo|x64
	EndGlobalSection
	GlobalSection(ProjectConfigurationPlatforms) = postSolution
		{B95DB929-BBC0-3C06-B4E5-65215FBCB480}.Debug|x64.ActiveCfg = Debug|x64
		{B95DB929-BBC0-3C06-B4E5-65215FBCB480}.Debug|x64.Build.0 = Debug|x64
		{B95DB929-BBC0-3C06-B4E5-65215FBCB480}.Release|x64.ActiveCfg = Release|x64
		{B95DB929-BBC0-3C06-B4E5-65215FBCB480}.Release|x64.Build.0 = Release|x64
		{B95DB929-BBC0-3C06-B4E5-65215FBCB480}.MinSizeRel|x64.ActiveCfg = MinSizeRel|x64
		{B95DB929-BBC0-3C06-B4E5-65215FBCB480}.MinSizeRel|x64.Build.0 = MinSizeRel|x64
		{B95DB929-BBC0-3C06-B4E5-65215FBCB480}.RelWithDebInfo|x64.ActiveCfg = RelWithDebInfo|x64
		{B95DB929-BBC0-3C06-B4E5-65215FBCB480}.RelWithDebInfo|x64.Build.0 = RelWithDebInfo|x64
		{0F188E74-EE68-35D8-8490-EF3202BC0E75}.Debug|x64.ActiveCfg = Debug|x64
		{0F188E74-EE68-35D8-8490-EF3202BC0E75}.Release|x64.ActiveCfg = Release|x64
		{0F188E74-EE68-35D8-8490-EF3202BC0E75}.MinSizeRel|x64.ActiveCfg = MinSizeRel|x64
		{0F188E74-EE68-35D8-8490-EF3202BC0E75}.RelWithDebInfo|x64.ActiveCfg = RelWithDebInfo|x64
		{DDCB0E1C-7C0F-32B4-AFA8-8210EA3DB44F}.Debug|x64.ActiveCfg = Debug|x64
		{DDCB0E1C-7C0F-32B4-AFA8-8210EA3DB44F}.Debug|x64.Build.0 = Debug|x64
		{DDCB0E1C-7C0F-32B4-AFA8-8210EA3DB44F}.Release|x64.ActiveCfg = Release|x64
		{DDCB0E1C-7C0F-32B4-AFA8-8210EA3DB44F}.Release|x64.Build.0 = Release|x64
		{DDCB0E1C-7C0F-32B4-AFA8-8210EA3DB44F}.MinSizeRel|x64.ActiveCfg = MinSizeRel|x64
		{DDCB0E1C-7C0F-32B4-AFA8-8210EA3DB44F}.MinSizeRel|x64.Build.0 = MinSizeRel|x64
		{DDCB0E1C-7C0F-32B4-AFA8-8210EA3DB44F}.RelWithDebInfo|x64.ActiveCfg = RelWithDebInfo|x64
		{DDCB0E1C-7C0F-32B4-AFA8-8210EA3DB44F}.RelWithDebInfo|x64.Build.0 = RelWithDebInfo|x64
		{F808A64F-D013-370A-BCC0-50684123CE03}.Debug|x64.ActiveCfg = Debug|x64
		{F808A64F-D013-370A-BCC0-50684123CE03}.Debug|x64.Build.0 = Debug|x64
		{F808A64F-D013-370A-BCC0-50684123CE03}.Release|x64.ActiveCfg = Release|x64
		{F808A64F-D013-370A-BCC0-50684123CE03}.Release|x64.Build.0 = Release|x64
		{F808A64F-D013-370A-BCC0-50684123CE03}.MinSizeRel|x64.ActiveCfg = MinSizeRel|x64
		{F808A64F-D013-370A-BCC0-50684123CE03}.MinSizeRel|x64.Build.0 = MinSizeRel|x64
		{F808A64F-D013-370A-BCC0-50684123CE03}.RelWithDebInfo|x64.ActiveCfg = RelWithDebInfo|x64
		{F808A64F-D013-370A-BCC0-50684123CE03}.RelWithDebInfo|x64.Build.0 = RelWithDebInfo|x64
		{A5AC7142-FE39-343E-8028-F090F7801D53}.Debug|x64.ActiveCfg = Debug|x64
		{A5AC7142-FE39-343E-8028-F090F7801D53}.Debug|x64.Build.0 = Debug|x64
		{A5AC7142-FE39-343E-8028-F090F7801D53}.Release|x64.ActiveCfg = Release|x64
		{A5AC7142-FE39-343E-8028-F090F7801D53}.Release|x64.Build.0 = Release|x64
		{A5AC7142-FE39-343E-8028-F090F7801D53}.MinSizeRel|x64.ActiveCfg = MinSizeRel|x64
		{A5AC7142-FE39-343E-8028-F090F7801D53}.MinSizeRel|x64.Build.0 = MinSizeRel|x64
		{A5AC7142-FE39-343E-8028-F090F7801D53}.RelWithDebInfo|x64.ActiveCfg = RelWithDebInfo|x64
		{A5AC7142-FE39-343E-8028-F090F7801D53}.RelWithDebInfo|x64.Build.0 = RelWithDebInfo|x64
		{1D255136-85B8-376E-9419-0D866B670BB4}.Debug|x64.ActiveCfg = Debug|x64
		{1D255136-85B8-376E-9419-0D866B670BB4}.Debug|x64.Build.0 = Debug|x64
		{1D255136-85B8-376E-9419-0D866B670BB4}.Release|x64.ActiveCfg = Release|x64
		{1D255136-85B8-376E-9419-0D866B670BB4}.Release|x64.Build.0 = Release|x64
		{1D255136-85B8-376E-9419-0D866B670BB4}.MinSizeRel|x64.ActiveCfg = MinSizeRel|x64
		{1D255136-85B8-376E-9419-0D866B670BB4}.MinSizeRel|x64.Build.0 = MinSizeRel|x64
		{1D255136-85B8-376E-9419-0D866B670BB4}.RelWithDebInfo|x64.ActiveCfg = RelWithDebInfo|x64
		{1D255136-85B8-376E-9419-0D866B670BB4}.RelWithDebInfo|x64.Build.0 = RelWithDebInfo|x64
		{1E79CD68-8BF7-35D2-846A-977F6FA901B0}.Debug|x64.ActiveCfg = Debug|x64
		{1E79CD68-8BF7-35D2-846A-977F6FA901B0}.Debug|x64.Build.0 = Debug|x64
		{1E79CD68-8BF7-35D2-846A-977F6FA901B0}.Release|x64.ActiveCfg = Release|x64
		{1E79CD68-8BF7-35D2-846A-977F6FA901B0}.Release|x64.Build.0 = Release|x64
		{1E79CD68-8BF7-35D2-846A-977F6FA901B0}.MinSizeRel|x64.ActiveCfg = MinSizeRel|x64
		{1E79CD68-8BF7-35D2-846A-977F6FA901B0}.MinSizeRel|x64.Build.0 = MinSizeRel|x64
		{1E79CD68-8BF7-35D2-846A-977F6FA901B0}.RelWithDebInfo|x64.ActiveCfg = RelWithDebInfo|x64
		{1E79CD68-8BF7-35D2-846A-977F6FA901B0}.RelWithDebInfo|x64.Build.0 = RelWithDebInfo|x64
		{1D8E8B52-11B3-339A-B867-2A561F20DF45}.Debug|x64.ActiveCfg = Debug|x64
		{1D8E8B52-11B3-339A-B867-2A561F20DF45}.Debug|x64.Build.0 = Debug|x64
		{1D8E8B52-11B3-339A-B867-2A561F20DF45}.Release|x64.ActiveCfg = Release|x64
		{1D8E8B52-11B3-339A-B867-2A561F20DF45}.Release|x64.Build.0 = Release|x64
		{1D8E8B52-11B3-339A-B867-2A561F20DF45}.MinSizeRel|x64.ActiveCfg = MinSizeRel|x64
		{1D8E8B52-11B3-339A-B867-2A561F20DF45}.MinSizeRel|x64.Build.0 = MinSizeRel|x64
		{1D8E8B52-11B3-339A-B867-2A561F20DF45}.RelWithDebInfo|x64.ActiveCfg = RelWithDebInfo|x64
		{1D8E8B52-11B3-339A-B867-2A561F20DF45}.RelWithDebInfo|x64.Build.0 = RelWithDebInfo|x64
		{3C8B988C-4C3F-3A44-A9ED-417A11568D29}.Debug|x64.ActiveCfg = Debug|x64
		{3C8B988C-4C3F-3A44-A9ED-417A11568D29}.Debug|x64.Build.0 = Debug|x64
		{3C8B988C-4C3F-3A44-A9ED-417A11568D29}.Release|x64.ActiveCfg = Release|x64
		{3C8B988C-4C3F-3A44-A9ED-417A11568D29}.Release|x64.Build.0 = Release|x64
		{3C8B988C-4C3F-3A44-A9ED-417A11568D29}.MinSizeRel|x64.ActiveCfg = MinSizeRel|x64
		{3C8B988C-4C3F-3A44-A9ED-417A11568D29}.MinSizeRel|x64.Build.0 = MinSizeRel|x64
		{3C8B988C-4C3F-3A44-A9ED-417A11568D29}.RelWithDebInfo|x64.ActiveCfg = RelWithDebInfo|x64
		{3C8B988C-4C3F-3A44-A9ED-417A11568D29}.RelWithDebInfo|x64.Build.0 = RelWithDebInfo|x64
		{A99767A7-8E2E-39E7-A28B-B5C5746E497E}.Debug|x64.ActiveCfg = Debug|x64
		{A99767A7-8E2E-39E7-A28B-B5C5746E497E}.Debug|x64.Build.0 = Debug|x64
		{A99767A7-8E2E-39E7-A28B-B5C5746E497E}.Release|x64.ActiveCfg = Release|x64
		{A99767A7-8E2E-39E7-A28B-B5C5746E497E}.Release|x64.Build.0 = Release|x64
		{A99767A7-8E2E-39E7-A28B-B5C5746E497E}.MinSizeRel|x64.ActiveCfg = MinSizeRel|x64
		{A99767A7-8E2E-39E7-A28B-B5C5746E497E}.MinSizeRel|x64.Build.0 = MinSizeRel|x64
		{A99767A7-8E2E-39E7-A28B-B5C5746E497E}.RelWithDebInfo|x64.ActiveCfg = RelWithDebInfo|x64
		{A99767A7-8E2E-39E7-A28B-B5C5746E497E}.RelWithDebInfo|x64.Build.0 = RelWithDebInfo|x64
		{8B25F2E9-C1DE-3819-97FE-913E7074FA85}.Debug|x64.ActiveCfg = Debug|x64
		{8B25F2E9-C1DE-3819-97FE-913E7074FA85}.Debug|x64.Build.0 = Debug|x64
		{8B25F2E9-C1DE-3819-97FE-913E7074FA85}.Release|x64.ActiveCfg = Release|x64
		{8B25F2E9-C1DE-3819-97FE-913E7074FA85}.Release|x64.Build.0 = Release|x64
		{8B25F2E9-C1DE-3819-97FE-913E7074FA85}.MinSizeRel|x64.ActiveCfg = MinSizeRel|x64
		{8B25F2E9-C1DE-3819-97FE-913E7074FA85}.MinSizeRel|x64.Build.0 = MinSizeRel|x64
		{8B25F2E9-C1DE-3819-97FE-913E7074FA85}.RelWithDebInfo|x64.ActiveCfg = RelWithDebInfo|x64
		{8B25F2E9-C1DE-3819-97FE-913E7074FA85}.RelWithDebInfo|x64.Build.0 = RelWithDebInfo|x64
		{E40EA7F1-7E08-3F83-9948-6BC952CFC6E6}.Debug|x64.ActiveCfg = Debug|x64
		{E40EA7F1-7E08-3F83-9948-6BC952CFC6E6}.Debug|x64.Build.0 = Debug|x64
		{E40EA7F1-7E08-3F83-9948-6BC952CFC6E6}.Release|x64.ActiveCfg = Release|x64
		{E40EA7F1-7E08-3F83-9948-6BC952CFC6E6}.Release|x64.Build.0 = Release|x64
		{E40EA7F1-7E08-3F83-9948-6BC952CFC6E6}.MinSizeRel|x64.ActiveCfg = MinSizeRel|x64
		{E40EA7F1-7E08-3F83-9948-6BC952CFC6E6}.MinSizeRel|x64.Build.0 = MinSizeRel|x64
		{E40EA7F1-7E08-3F83-9948-6BC952CFC6E6}.RelWithDebInfo|x64.ActiveCfg = RelWithDebInfo|x64
		{E40EA7F1-7E08-3F83-9948-6BC952CFC6E6}.RelWithDebInfo|x64.Build.0 = RelWithDebInfo|x64
		{E4AA9279-A87B-36A0-99BB-46FB78D07788}.Debug|x64.ActiveCfg = Debug|x64
		{E4AA9279-A87B-36A0-99BB-46FB78D07788}.Debug|x64.Build.0 = Debug|x64
		{E4AA9279-A87B-36A0-99BB-46FB78D07788}.Release|x64.ActiveCfg = Release|x64
		{E4AA9279-A87B-36A0-99BB-46FB78D07788}.Release|x64.Build.0 = Release|x64
		{E4AA9279-A87B-36A0-99BB-46FB78D07788}.MinSizeRel|x64.ActiveCfg = MinSizeRel|x64
		{E4AA9279-A87B-36A0-99BB-46FB78D07788}.MinSizeRel|x64.Build.0 = MinSizeRel|x64
		{E4AA9279-A87B-36A0-99BB-46FB78D07788}.RelWithDebInfo|x64.ActiveCfg = RelWithDebInfo|x64
		{E4AA9279-A87B-36A0-99BB-46FB78D07788}.RelWithDebInfo|x64.Build.0 = RelWithDebInfo|x64
		{94B4A573-DC33-342A-AAEF-AB5757F56994}.Debug|x64.ActiveCfg = Debug|x64
		{94B4A573-DC33-342A-AAEF-AB5757F56994}.Debug|x64.Build.0 = Debug|x64
		{94B4A573-DC33-342A-AAEF-AB5757F56994}.Release|x64.ActiveCfg = Release|x64
		{94B4A573-DC33-342A-AAEF-AB5757F56994}.Release|x64.Build.0 = Release|x64
		{94B4A573-DC33-342A-AAEF-AB5757F56994}.MinSizeRel|x64.ActiveCfg = MinSizeRel|x64
		{94B4A573-DC33-342A-AAEF-AB5757F56994}.MinSizeRel|x64.Build.0 = MinSizeRel|x64
		{94B4A573-DC33-342A-AAEF-AB5757F56994}.RelWithDebInfo|x64.ActiveCfg = RelWithDebInfo|x64
		{94B4A573-DC33-342A-AAEF-AB5757F56994}.RelWithDebInfo|x64.Build.0 = RelWithDebInfo|x64
		{3B525B65-77D3-34F0-B880-2A501F21F6AC}.Debug|x64.ActiveCfg = Debug|x64
		{3B525B65-77D3-34F0-B880-2A501F21F6AC}.Debug|x64.Build.0 = Debug|x64
		{3B525B65-77D3-34F0-B880-2A501F21F6AC}.Release|x64.ActiveCfg = Release|x64
		{3B525B65-77D3-34F0-B880-2A501F21F6AC}.Release|x64.Build.0 = Release|x64
		{3B525B65-77D3-34F0-B880-2A501F21F6AC}.MinSizeRel|x64.ActiveCfg = MinSizeRel|x64
		{3B525B65-77D3-34F0-B880-2A501F21F6AC}.MinSizeRel|x64.Build.0 = MinSizeRel|x64
		{3B525B65-77D3-34F0-B880-2A501F21F6AC}.RelWithDebInfo|x64.ActiveCfg = RelWithDebInfo|x64
		{3B525B65-77D3-34F0-B880-2A501F21F6AC}.RelWithDebInfo|x64.Build.0 = RelWithDebInfo|x64
		{4554F108-3A5E-3571-9B70-A75E80AC5017}.Debug|x64.ActiveCfg = Debug|x64
		{4554F108-3A5E-3571-9B70-A75E80AC5017}.Debug|x64.Build.0 = Debug|x64
		{4554F108-3A5E-3571-9B70-A75E80AC5017}.Release|x64.ActiveCfg = Release|x64
		{4554F108-3A5E-3571-9B70-A75E80AC5017}.Release|x64.Build.0 = Release|x64
		{4554F108-3A5E-3571-9B70-A75E80AC5017}.MinSizeRel|x64.ActiveCfg = MinSizeRel|x64
		{4554F108-3A5E-3571-9B70-A75E80AC5017}.MinSizeRel|x64.Build.0 = MinSizeRel|x64
		{4554F108-3A5E-3571-9B70-A75E80AC5017}.RelWithDebInfo|x64.ActiveCfg = RelWithDebInfo|x64
		{4554F108-3A5E-3571-9B70-A75E80AC5017}.RelWithDebInfo|x64.Build.0 = RelWithDebInfo|x64
		{73B50B93-5876-348E-BEA1-9CAFBE387313}.Debug|x64.ActiveCfg = Debug|x64
		{73B50B93-5876-348E-BEA1-9CAFBE387313}.Debug|x64.Build.0 = Debug|x64
		{73B50B93-5876-348E-BEA1-9CAFBE387313}.Release|x64.ActiveCfg = Release|x64
		{73B50B93-5876-348E-BEA1-9CAFBE387313}.Release|x64.Build.0 = Release|x64
		{73B50B93-5876-348E-BEA1-9CAFBE387313}.MinSizeRel|x64.ActiveCfg = MinSizeRel|x64
		{73B50B93-5876-348E-BEA1-9CAFBE387313}.MinSizeRel|x64.Build.0 = MinSizeRel|x64
		{73B50B93-5876-348E-BEA1-9CAFBE387313}.RelWithDebInfo|x64.ActiveCfg = RelWithDebInfo|x64
		{73B50B93-5876-348E-BEA1-9CAFBE387313}.RelWithDebInfo|x64.Build.0 = RelWithDebInfo|x64
		{2A9B6F38-5E2D-3D81-96C3-2A5E7C50CA64}.Debug|x64.ActiveCfg = Debug|x64
		{2A9B6F38-5E2D-3D81-96C3-2A5E7C50CA64}.Debug|x64.Build.0 = Debug|x64
		{2A9B6F38-5E2D-3D81-96C3-2A5E7C50CA64}.Release|x64.ActiveCfg = Release|x64
		{2A9B6F38-5E2D-3D81-96C3-2A5E7C50CA64}.Release|x64.Build.0 = Release|x64
		{2A9B6F38-5E2D-3D81-96C3-2A5E7C50CA64}.MinSizeRel|x64.ActiveCfg = MinSizeRel|x64
		{2A9B6F38-5E2D-3D81-96C3-2A5E7C50CA64}.MinSizeRel|x64.Build.0 = MinSizeRel|x64
		{2A9B6F38-5E2D-3D81-96C3-2A5E7C50CA64}.RelWithDebInfo|x64.ActiveCfg = RelWithDebInfo|x64
		{2A9B6F38-5E2D-3D81-96C3-2A5E7C50CA64}.RelWithDebInfo|x64.Build.0 = RelWithDebInfo|x64
		{3712DD20-AC09-3B5D-8E60-4CF9B62FD520}.Debug|x64.ActiveCfg = Debug|x64
		{3712DD20-AC09-3B5D-8E60-4CF9B62FD520}.Debug|x64.Build.0 = Debug|x64
		{3712DD20-AC09-3B5D-8E60-4CF9B62FD520}.Release|x64.ActiveCfg = Release|x64
		{3712DD20-AC09-3B5D-8E60-4CF9B62FD520}.Release|x64.Build.0 = Release|x64
		{3712DD20-AC09-3B5D-8E60-4CF9B62FD520}.MinSizeRel|x64.ActiveCfg = MinSizeRel|x64
		{3712DD20-AC09-3B5D-8E60-4CF9B62FD520}.MinSizeRel|x64.Build.0 = MinSizeRel|x64
		{3712DD20-AC09-3B5D-8E60-4CF9B62FD520}.RelWithDebInfo|x64.ActiveCfg = RelWithDebInfo|x64
		{3712DD20-AC09-3B5D-8E60-4CF9B62FD520}.RelWithDebInfo|x64.Build.0 = RelWithDebInfo|x64
		{8923F2D5-E70C-3761-A8E2-F822C833D411}.Debug|x64.ActiveCfg = Debug|x64
		{8923F2D5-E70C-3761-A8E2-F822C833D411}.Debug|x64.Build.0 = Debug|x64
		{8923F2D5-E70C-3761-A8E2-F822C833D411}.Release|x64.ActiveCfg = Release|x64
		{8923F2D5-E70C-3761-A8E2-F822C833D411}.Release|x64.Build.0 = Release|x64
		{8923F2D5-E70C-3761-A8E2-F822C833D411}.MinSizeRel|x64.ActiveCfg = MinSizeRel|x64
		{8923F2D5-E70C-3761-A8E2-F822C833D411}.MinSizeRel|x64.Build.0 = MinSizeRel|x64
		{8923F2D5-E70C-3761-A8E2-F822C833D411}.RelWithDebInfo|x64.ActiveCfg = RelWithDebInfo|x64
		{8923F2D5-E70C-3761-A8E2-F822C833D411}.RelWithDebInfo|x64.Build.0 = RelWithDebInfo|x64
		{D126B94B-AF9E-3E5C-8FA5-1EE9C2853389}.Debug|x64.ActiveCfg = Debug|x64
		{D126B94B-AF9E-3E5C-8FA5-1EE9C2853389}.Debug|x64.Build.0 = Debug|x64
		{D126B94B-AF9E-3E5C-8FA5-1EE9C2853389}.Release|x64.ActiveCfg = Release|x64
		{D126B94B-AF9E-3E5C-8FA5-1EE9C2853389}.Release|x64.Build.0 = Release|x64
		{D126B94B-AF9E-3E5C-8FA5-1EE9C2853389}.MinSizeRel|x64.ActiveCfg = MinSizeRel|x64
		{D126B94B-AF9E-3E5C-8FA5-1EE9C2853389}.MinSizeRel|x64.Build.0 = MinSizeRel|x64
		{D126B94B-AF9E-3E5C-8FA5-1EE9C2853389}.RelWithDebInfo|x64.ActiveCfg = RelWithDebInfo|x64
		{D126B94B-AF9E-3E5C-8FA5-1EE9C2853389}.RelWithDebInfo|x64.Build.0 = RelWithDebInfo|x64
		{B1D1B228-419A-33E3-BCF2-C41188FF3BBE}.Debug|x64.ActiveCfg = Debug|x64
		{B1D1B228-419A-33E3-BCF2-C41188FF3BBE}.Debug|x64.Build.0 = Debug|x64
		{B1D1B228-419A-33E3-BCF2-C41188FF3BBE}.Release|x64.ActiveCfg = Release|x64
		{B1D1B228-419A-33E3-BCF2-C41188FF3BBE}.Release|x64.Build.0 = Release|x64
		{B1D1B228-419A-33E3-BCF2-C41188FF3BBE}.MinSizeRel|x64.ActiveCfg = MinSizeRel|x64
		{B1D1B228-419A-33E3-BCF2-C41188FF3BBE}.MinSizeRel|x64.Build.0 = MinSizeRel|x64
		{B1D1B228-419A-33E3-BCF2-C41188FF3BBE}.RelWithDebInfo|x64.ActiveCfg = RelWithDebInfo|x64
		{B1D1B228-419A-33E3-BCF2-C41188FF3BBE}.RelWithDebInfo|x64.Build.0 = RelWithDebInfo|x64
		{6324140F-5AAF-35FF-8E82-A87867115213}.Debug|x64.ActiveCfg = Debug|x64
		{6324140F-5AAF-35FF-8E82-A87867115213}.Debug|x64.Build.0 = Debug|x64
		{6324140F-5AAF-35FF-8E82-A87867115213}.Release|x64.ActiveCfg = Release|x64
		{6324140F-5AAF-35FF-8E82-A87867115213}.Release|x64.Build.0 = Release|x64
		{6324140F-5AAF-35FF-8E82-A87867115213}.MinSizeRel|x64.ActiveCfg = MinSizeRel|x64
		{6324140F-5AAF-35FF-8E82-A87867115213}.MinSizeRel|x64.Build.0 = MinSizeRel|x64
		{6324140F-5AAF-35FF-8E82-A87867115213}.RelWithDebInfo|x64.ActiveCfg = RelWithDebInfo|x64
		{6324140F-5AAF-35FF-8E82-A87867115213}.RelWithDebInfo|x64.Build.0 = RelWithDebInfo|x64
		{33C1096D-8FE2-34E7-8206-47FC41A62E92}.Debug|x64.ActiveCfg = Debug|x64
		{33C1096D-8FE2-34E7-8206-47FC41A62E92}.Debug|x64.Build.0 = Debug|x64
		{33C1096D-8FE2-34E7-8206-47FC41A62E92}.Release|x64.ActiveCfg = Release|x64
		{33C1096D-8FE2-34E7-8206-47FC41A62E92}.Release|x64.Build.0 = Release|x64
		{33C1096D-8FE2-34E7-8206-47FC41A62E92}.MinSizeRel|x64.ActiveCfg = MinSizeRel|x64
		{33C1096D-8FE2-34E7-8206-47FC41A62E92}.MinSizeRel|x64.Build.0 = MinSizeRel|x64
		{33C1096D-8FE2-34E7-8206-47FC41A62E92}.RelWithDebInfo|x64.ActiveCfg = RelWithDebInfo|x64
		{33C1096D-8FE2-34E7-8206-47FC41A62E92}.RelWithDebInfo|x64.Build.0 = RelWithDebInfo|x64
		{14560DF4-5A29-3A4E-A424-CFEFE9EB520E}.Debug|x64.ActiveCfg = Debug|x64
		{14560DF4-5A29-3A4E-A424-CFEFE9EB520E}.Debug|x64.Build.0 = Debug|x64
		{14560DF4-5A29-3A4E-A424-CFEFE9EB520E}.Release|x64.ActiveCfg = Release|x64
		{14560DF4-5A29-3A4E-A424-CFEFE9EB520E}.Release|x64.Build.0 = Release|x64
		{14560DF4-5A29-3A4E-A424-CFEFE9EB520E}.MinSizeRel|x64.ActiveCfg = MinSizeRel|x64
		{14560DF4-5A29-3A4E-A424-CFEFE9EB520E}.MinSizeRel|x64.Build.0 = MinSizeRel|x64
		{14560DF4-5A29-3A4E-A424-CFEFE9EB520E}.RelWithDebInfo|x64.ActiveCfg = RelWithDebInfo|x64
		{14560DF4-5A29-3A4E-A424-CFEFE9EB520E}.RelWithDebInfo|x64.Build.0 = RelWithDebInfo|x64
		{85B2600F-0D27-3C87-85C8-C6808C61B508}.Debug|x64.ActiveCfg = Debug|x64
		{85B2600F-0D27-3C87-85C8-C6808C61B508}.Debug|x64.Build.0 = Debug|x64
		{85B2600F-0D27-3C87-85C8-C6808C61B508}.Release|x64.ActiveCfg = Release|x64
		{85B2600F-0D27-3C87-85C8-C6808C61B508}.Release|x64.Build.0 = Release|x64
		{85B2600F-0D27-3C87-85C8-C6808C61B508}.MinSizeRel|x64.ActiveCfg = MinSizeRel|x64
		{85B2600F-0D27-3C87-85C8-C6808C61B508}.MinSizeRel|x64.Build.0 = MinSizeRel|x64
		{85B2600F-0D27-3C87-85C8-C6808C61B508}.RelWithDebInfo|x64.ActiveCfg = RelWithDebInfo|x64
		{85B2600F-0D27-3C87-85C8-C6808C61B508}.RelWithDebInfo|x64.Build.0 = RelWithDebInfo|x64
		{737322B2-4802-3132-A75A-366C796CA704}.Debug|x64.ActiveCfg = Debug|x64
		{737322B2-4802-3132-A75A-366C796CA704}.Debug|x64.Build.0 = Debug|x64
		{737322B2-4802-3132-A75A-366C796CA704}.Release|x64.ActiveCfg = Release|x64
		{737322B2-4802-3132-A75A-366C796CA704}.Release|x64.Build.0 = Release|x64
		{737322B2-4802-3132-A75A-366C796CA704}.MinSizeRel|x64.ActiveCfg = MinSizeRel|x64
		{737322B2-4802-3132-A75A-366C796CA704}.MinSizeRel|x64.Build.0 = MinSizeRel|x64
		{737322B2-4802-3132-A75A-366C796CA704}.RelWithDebInfo|x64.ActiveCfg = RelWithDebInfo|x64
		{737322B2-4802-3132-A75A-366C796CA704}.RelWithDebInfo|x64.Build.0 = RelWithDebInfo|x64
		{A036369C-F986-306D-ABE1-6187B766B810}.Debug|x64.ActiveCfg = Debug|x64
		{A036369C-F986-306D-ABE1-6187B766B810}.Debug|x64.Build.0 = Debug|x64
		{A036369C-F986-306D-ABE1-6187B766B810}.Release|x64.ActiveCfg = Release|x64
		{A036369C-F986-306D-ABE1-6187B766B810}.Release|x64.Build.0 = Release|x64
		{A036369C-F986-306D-ABE1-6187B766B810}.MinSizeRel|x64.ActiveCfg = MinSizeRel|x64
		{A036369C-F986-306D-ABE1-6187B766B810}.MinSizeRel|x64.Build.0 = MinSizeRel|x64
		{A036369C-F986-306D-ABE1-6187B766B810}.RelWithDebInfo|x64.ActiveCfg = RelWithDebInfo|x64
		{A036369C-F986-306D-ABE1-6187B766B810}.RelWithDebInfo|x64.Build.0 = RelWithDebInfo|x64
		{5D792C17-7776-3598-A7DB-0D2CCB3E1502}.Debug|x64.ActiveCfg = Debug|x64
		{5D792C17-7776-3598-A7DB-0D2CCB3E1502}.Debug|x64.Build.0 = Debug|x64
		{5D792C17-7776-3598-A7DB-0D2CCB3E1502}.Release|x64.ActiveCfg = Release|x64
		{5D792C17-7776-3598-A7DB-0D2CCB3E1502}.Release|x64.Build.0 = Release|x64
		{5D792C17-7776-3598-A7DB-0D2CCB3E1502}.MinSizeRel|x64.ActiveCfg = MinSizeRel|x64
		{5D792C17-7776-3598-A7DB-0D2CCB3E1502}.MinSizeRel|x64.Build.0 = MinSizeRel|x64
		{5D792C17-7776-3598-A7DB-0D2CCB3E1502}.RelWithDebInfo|x64.ActiveCfg = RelWithDebInfo|x64
		{5D792C17-7776-3598-A7DB-0D2CCB3E1502}.RelWithDebInfo|x64.Build.0 = RelWithDebInfo|x64
		{9D1502C2-A05F-3FB3-AF30-FC9B098C31F7}.Debug|x64.ActiveCfg = Debug|x64
		{9D1502C2-A05F-3FB3-AF30-FC9B098C31F7}.Debug|x64.Build.0 = Debug|x64
		{9D1502C2-A05F-3FB3-AF30-FC9B098C31F7}.Release|x64.ActiveCfg = Release|x64
		{9D1502C2-A05F-3FB3-AF30-FC9B098C31F7}.Release|x64.Build.0 = Release|x64
		{9D1502C2-A05F-3FB3-AF30-FC9B098C31F7}.MinSizeRel|x64.ActiveCfg = MinSizeRel|x64
		{9D1502C2-A05F-3FB3-AF30-FC9B098C31F7}.MinSizeRel|x64.Build.0 = MinSizeRel|x64
		{9D1502C2-A05F-3FB3-AF30-FC9B098C31F7}.RelWithDebInfo|x64.ActiveCfg = RelWithDebInfo|x64
		{9D1502C2-A05F-3FB3-AF30-FC9B098C31F7}.RelWithDebInfo|x64.Build.0 = RelWithDebInfo|x64
		{0C5B0A58-6CD9-3ECD-9884-5F341781B4FA}.Debug|x64.ActiveCfg = Debug|x64
		{0C5B0A58-6CD9-3ECD-9884-5F341781B4FA}.Release|x64.ActiveCfg = Release|x64
		{0C5B0A58-6CD9-3ECD-9884-5F341781B4FA}.MinSizeRel|x64.ActiveCfg = MinSizeRel|x64
		{0C5B0A58-6CD9-3ECD-9884-5F341781B4FA}.RelWithDebInfo|x64.ActiveCfg = RelWithDebInfo|x64
		{B35238E4-832E-34E1-AD3E-3D2DE072762E}.Debug|x64.ActiveCfg = Debug|x64
		{B35238E4-832E-34E1-AD3E-3D2DE072762E}.Debug|x64.Build.0 = Debug|x64
		{B35238E4-832E-34E1-AD3E-3D2DE072762E}.Release|x64.ActiveCfg = Release|x64
		{B35238E4-832E-34E1-AD3E-3D2DE072762E}.Release|x64.Build.0 = Release|x64
		{B35238E4-832E-34E1-AD3E-3D2DE072762E}.MinSizeRel|x64.ActiveCfg = MinSizeRel|x64
		{B35238E4-832E-34E1-AD3E-3D2DE072762E}.MinSizeRel|x64.Build.0 = MinSizeRel|x64
		{B35238E4-832E-34E1-AD3E-3D2DE072762E}.RelWithDebInfo|x64.ActiveCfg = RelWithDebInfo|x64
		{B35238E4-832E-34E1-AD3E-3D2DE072762E}.RelWithDebInfo|x64.Build.0 = RelWithDebInfo|x64
		{B6D12772-5E19-316B-837C-A1A500C9EEED}.Debug|x64.ActiveCfg = Debug|x64
		{B6D12772-5E19-316B-837C-A1A500C9EEED}.Debug|x64.Build.0 = Debug|x64
		{B6D12772-5E19-316B-837C-A1A500C9EEED}.Release|x64.ActiveCfg = Release|x64
		{B6D12772-5E19-316B-837C-A1A500C9EEED}.Release|x64.Build.0 = Release|x64
		{B6D12772-5E19-316B-837C-A1A500C9EEED}.MinSizeRel|x64.ActiveCfg = MinSizeRel|x64
		{B6D12772-5E19-316B-837C-A1A500C9EEED}.MinSizeRel|x64.Build.0 = MinSizeRel|x64
		{B6D12772-5E19-316B-837C-A1A500C9EEED}.RelWithDebInfo|x64.ActiveCfg = RelWithDebInfo|x64
		{B6D12772-5E19-316B-837C-A1A500C9EEED}.RelWithDebInfo|x64.Build.0 = RelWithDebInfo|x64
		{31468368-92A0-35F4-BE73-6EB462941AB5}.Debug|x64.ActiveCfg = Debug|x64
		{31468368-92A0-35F4-BE73-6EB462941AB5}.Debug|x64.Build.0 = Debug|x64
		{31468368-92A0-35F4-BE73-6EB462941AB5}.Release|x64.ActiveCfg = Release|x64
		{31468368-92A0-35F4-BE73-6EB462941AB5}.Release|x64.Build.0 = Release|x64
		{31468368-92A0-35F4-BE73-6EB462941AB5}.MinSizeRel|x64.ActiveCfg = MinSizeRel|x64
		{31468368-92A0-35F4-BE73-6EB462941AB5}.MinSizeRel|x64.Build.0 = MinSizeRel|x64
		{31468368-92A0-35F4-BE73-6EB462941AB5}.RelWithDebInfo|x64.ActiveCfg = RelWithDebInfo|x64
		{31468368-92A0-35F4-BE73-6EB462941AB5}.RelWithDebInfo|x64.Build.0 = RelWithDebInfo|x64
	EndGlobalSection
	GlobalSection(NestedProjects) = preSolution
		{B95DB929-BBC0-3C06-B4E5-65215FBCB480} = {CC733A54-E8A3-3614-A9CB-94521F66195A}
		{0F188E74-EE68-35D8-8490-EF3202BC0E75} = {CC733A54-E8A3-3614-A9CB-94521F66195A}
		{DDCB0E1C-7C0F-32B4-AFA8-8210EA3DB44F} = {CC733A54-E8A3-3614-A9CB-94521F66195A}
		{7294B341-353A-319F-94C1-3B2D75A5E4CC} = {372A8648-8203-303E-BFBA-353AECCB885C}
		{022F0CFE-5DCF-3785-B613-49DD1505F9D1} = {372A8648-8203-303E-BFBA-353AECCB885C}
		{8B25F2E9-C1DE-3819-97FE-913E7074FA85} = {372A8648-8203-303E-BFBA-353AECCB885C}
		{0C5B0A58-6CD9-3ECD-9884-5F341781B4FA} = {372A8648-8203-303E-BFBA-353AECCB885C}
		{F808A64F-D013-370A-BCC0-50684123CE03} = {7294B341-353A-319F-94C1-3B2D75A5E4CC}
		{A99767A7-8E2E-39E7-A28B-B5C5746E497E} = {7294B341-353A-319F-94C1-3B2D75A5E4CC}
		{E4AA9279-A87B-36A0-99BB-46FB78D07788} = {7294B341-353A-319F-94C1-3B2D75A5E4CC}
		{8923F2D5-E70C-3761-A8E2-F822C833D411} = {7294B341-353A-319F-94C1-3B2D75A5E4CC}
		{B1D1B228-419A-33E3-BCF2-C41188FF3BBE} = {7294B341-353A-319F-94C1-3B2D75A5E4CC}
		{33C1096D-8FE2-34E7-8206-47FC41A62E92} = {7294B341-353A-319F-94C1-3B2D75A5E4CC}
		{14560DF4-5A29-3A4E-A424-CFEFE9EB520E} = {7294B341-353A-319F-94C1-3B2D75A5E4CC}
		{85B2600F-0D27-3C87-85C8-C6808C61B508} = {7294B341-353A-319F-94C1-3B2D75A5E4CC}
		{B6D12772-5E19-316B-837C-A1A500C9EEED} = {7294B341-353A-319F-94C1-3B2D75A5E4CC}
		{A5AC7142-FE39-343E-8028-F090F7801D53} = {022F0CFE-5DCF-3785-B613-49DD1505F9D1}
		{1D255136-85B8-376E-9419-0D866B670BB4} = {022F0CFE-5DCF-3785-B613-49DD1505F9D1}
		{1E79CD68-8BF7-35D2-846A-977F6FA901B0} = {022F0CFE-5DCF-3785-B613-49DD1505F9D1}
		{1D8E8B52-11B3-339A-B867-2A561F20DF45} = {022F0CFE-5DCF-3785-B613-49DD1505F9D1}
		{3C8B988C-4C3F-3A44-A9ED-417A11568D29} = {022F0CFE-5DCF-3785-B613-49DD1505F9D1}
		{E40EA7F1-7E08-3F83-9948-6BC952CFC6E6} = {022F0CFE-5DCF-3785-B613-49DD1505F9D1}
		{94B4A573-DC33-342A-AAEF-AB5757F56994} = {022F0CFE-5DCF-3785-B613-49DD1505F9D1}
		{3B525B65-77D3-34F0-B880-2A501F21F6AC} = {022F0CFE-5DCF-3785-B613-49DD1505F9D1}
		{4554F108-3A5E-3571-9B70-A75E80AC5017} = {022F0CFE-5DCF-3785-B613-49DD1505F9D1}
		{73B50B93-5876-348E-BEA1-9CAFBE387313} = {022F0CFE-5DCF-3785-B613-49DD1505F9D1}
		{2A9B6F38-5E2D-3D81-96C3-2A5E7C50CA64} = {022F0CFE-5DCF-3785-B613-49DD1505F9D1}
		{3712DD20-AC09-3B5D-8E60-4CF9B62FD520} = {022F0CFE-5DCF-3785-B613-49DD1505F9D1}
		{D126B94B-AF9E-3E5C-8FA5-1EE9C2853389} = {022F0CFE-5DCF-3785-B613-49DD1505F9D1}
		{6324140F-5AAF-35FF-8E82-A87867115213} = {022F0CFE-5DCF-3785-B613-49DD1505F9D1}
		{737322B2-4802-3132-A75A-366C796CA704} = {022F0CFE-5DCF-3785-B613-49DD1505F9D1}
		{A036369C-F986-306D-ABE1-6187B766B810} = {022F0CFE-5DCF-3785-B613-49DD1505F9D1}
		{5D792C17-7776-3598-A7DB-0D2CCB3E1502} = {022F0CFE-5DCF-3785-B613-49DD1505F9D1}
		{9D1502C2-A05F-3FB3-AF30-FC9B098C31F7} = {022F0CFE-5DCF-3785-B613-49DD1505F9D1}
		{B35238E4-832E-34E1-AD3E-3D2DE072762E} = {022F0CFE-5DCF-3785-B613-49DD1505F9D1}
		{31468368-92A0-35F4-BE73-6EB462941AB5} = {022F0CFE-5DCF-3785-B613-49DD1505F9D1}
	EndGlobalSection
	GlobalSection(ExtensibilityGlobals) = postSolution
		SolutionGuid = {115C95AC-9183-3F80-8F25-05BCB509A199}
	EndGlobalSection
	GlobalSection(ExtensibilityAddIns) = postSolution
	EndGlobalSection
EndGlobal
