<?xml version="1.0" encoding="utf-8"?>
<Project ToolsVersion="16.0" xmlns="http://schemas.microsoft.com/developer/msbuild/2003">
  <ItemGroup>
    <CustomBuild Include="C:\Users\dell\Documents\Task\assignment_0-SarahMutahar-master\assignment_0-SarahMutahar-master\CMakeFiles\ce7b3aad4268103820607ee141fcb2fe\INSTALL_force.rule">
      <Filter>CMake Rules</Filter>
    </CustomBuild>
  </ItemGroup>
  <ItemGroup>
    <Filter Include="CMake Rules">
      <UniqueIdentifier>{1F316A8E-E16D-3BFE-95E5-7AEBD1C2AE17}</UniqueIdentifier>
    </Filter>
  </ItemGroup>
</Project>
