<?xml version="1.0" encoding="utf-8"?>
<Project ToolsVersion="16.0" xmlns="http://schemas.microsoft.com/developer/msbuild/2003">
  <ItemGroup>
    <ClCompile Include="C:\Users\dell\Documents\Task\assignment_0-SarahMutahar-master\assignment_0-SarahMutahar-master\common\glfw-3.3\tests\cursor.c">
      <Filter>Source Files</Filter>
    </ClCompile>
    <ClCompile Include="C:\Users\dell\Documents\Task\assignment_0-SarahMutahar-master\assignment_0-SarahMutahar-master\common\glfw-3.3\deps\glad_gl.c">
      <Filter>Source Files</Filter>
    </ClCompile>
  </ItemGroup>
  <ItemGroup>
    <ClInclude Include="C:\Users\dell\Documents\Task\assignment_0-SarahMutahar-master\assignment_0-SarahMutahar-master\common\glfw-3.3\deps\glad\gl.h">
      <Filter>Header Files</Filter>
    </ClInclude>
  </ItemGroup>
  <ItemGroup>
    <CustomBuild Include="C:\Users\dell\Documents\Task\assignment_0-SarahMutahar-master\assignment_0-SarahMutahar-master\common\glfw-3.3\tests\CMakeLists.txt" />
  </ItemGroup>
  <ItemGroup>
    <Filter Include="Header Files">
      <UniqueIdentifier>{6C6FE8E5-D05F-3F21-BA90-85B3B78FD199}</UniqueIdentifier>
    </Filter>
    <Filter Include="Source Files">
      <UniqueIdentifier>{8F0DE74D-1E41-3DFC-AB2C-EA903F0C647D}</UniqueIdentifier>
    </Filter>
  </ItemGroup>
</Project>
